# THIS IS AN AUTOGENERATED FILE. DO NOT EDIT THIS FILE DIRECTLY.
# yarn lockfile v1


svelte-google-materialdesign-icons@^1.0.5:
  version "1.0.5"
  resolved "https://registry.yarnpkg.com/svelte-google-materialdesign-icons/-/svelte-google-materialdesign-icons-1.0.5.tgz#f702472287870443921d6031238bf1fcd23bfdbb"
  integrity sha512-9NfcHo5mouOs+k64JMx+O5/duIQXdnsoQcYIM5C/j+66cmmwQG+Q7tuzClNW72/LAt+AXkam+STxMYEJEfo9wQ==
